[root]
name = "jsbsim"
version = "0.1.0"
dependencies = [
 "cpp 0.3.0 (registry+https://github.com/rust-lang/crates.io-index)",
 "cpp_build 0.3.0 (registry+https://github.com/rust-lang/crates.io-index)",
 "pkg-config 0.3.9 (registry+https://github.com/rust-lang/crates.io-index)",
]

[[package]]
name = "aho-corasick"
version = "0.6.3"
source = "registry+https://github.com/rust-lang/crates.io-index"
dependencies = [
 "memchr 1.0.1 (registry+https://github.com/rust-lang/crates.io-index)",
]

[[package]]
name = "byteorder"
version = "1.0.0"
source = "registry+https://github.com/rust-lang/crates.io-index"

[[package]]
name = "cpp"
version = "0.3.0"
source = "registry+https://github.com/rust-lang/crates.io-index"
dependencies = [
 "cpp_macros 0.3.0 (registry+https://github.com/rust-lang/crates.io-index)",
]

[[package]]
name = "cpp_build"
version = "0.3.0"
source = "registry+https://github.com/rust-lang/crates.io-index"
dependencies = [
 "cpp_common 0.3.0 (registry+https://github.com/rust-lang/crates.io-index)",
 "cpp_syn 0.12.0 (registry+https://github.com/rust-lang/crates.io-index)",
 "cpp_synmap 0.2.0 (registry+https://github.com/rust-lang/crates.io-index)",
 "cpp_synom 0.12.0 (registry+https://github.com/rust-lang/crates.io-index)",
 "gcc 0.3.45 (registry+https://github.com/rust-lang/crates.io-index)",
 "lazy_static 0.2.8 (registry+https://github.com/rust-lang/crates.io-index)",
]

[[package]]
name = "cpp_common"
version = "0.3.0"
source = "registry+https://github.com/rust-lang/crates.io-index"
dependencies = [
 "cpp_syn 0.12.0 (registry+https://github.com/rust-lang/crates.io-index)",
 "cpp_synom 0.12.0 (registry+https://github.com/rust-lang/crates.io-index)",
 "quote 0.3.15 (registry+https://github.com/rust-lang/crates.io-index)",
]

[[package]]
name = "cpp_macros"
version = "0.3.0"
source = "registry+https://github.com/rust-lang/crates.io-index"
dependencies = [
 "aho-corasick 0.6.3 (registry+https://github.com/rust-lang/crates.io-index)",
 "byteorder 1.0.0 (registry+https://github.com/rust-lang/crates.io-index)",
 "cpp_common 0.3.0 (registry+https://github.com/rust-lang/crates.io-index)",
 "cpp_syn 0.12.0 (registry+https://github.com/rust-lang/crates.io-index)",
 "cpp_synom 0.12.0 (registry+https://github.com/rust-lang/crates.io-index)",
 "lazy_static 0.2.8 (registry+https://github.com/rust-lang/crates.io-index)",
 "quote 0.3.15 (registry+https://github.com/rust-lang/crates.io-index)",
]

[[package]]
name = "cpp_syn"
version = "0.12.0"
source = "registry+https://github.com/rust-lang/crates.io-index"
dependencies = [
 "cpp_synom 0.12.0 (registry+https://github.com/rust-lang/crates.io-index)",
 "quote 0.3.15 (registry+https://github.com/rust-lang/crates.io-index)",
 "unicode-xid 0.0.4 (registry+https://github.com/rust-lang/crates.io-index)",
]

[[package]]
name = "cpp_synmap"
version = "0.2.0"
source = "registry+https://github.com/rust-lang/crates.io-index"
dependencies = [
 "cpp_syn 0.12.0 (registry+https://github.com/rust-lang/crates.io-index)",
 "cpp_synom 0.12.0 (registry+https://github.com/rust-lang/crates.io-index)",
 "memchr 1.0.1 (registry+https://github.com/rust-lang/crates.io-index)",
]

[[package]]
name = "cpp_synom"
version = "0.12.0"
source = "registry+https://github.com/rust-lang/crates.io-index"
dependencies = [
 "unicode-xid 0.0.4 (registry+https://github.com/rust-lang/crates.io-index)",
]

[[package]]
name = "gcc"
version = "0.3.45"
source = "registry+https://github.com/rust-lang/crates.io-index"

[[package]]
name = "lazy_static"
version = "0.2.8"
source = "registry+https://github.com/rust-lang/crates.io-index"

[[package]]
name = "libc"
version = "0.2.22"
source = "registry+https://github.com/rust-lang/crates.io-index"

[[package]]
name = "memchr"
version = "1.0.1"
source = "registry+https://github.com/rust-lang/crates.io-index"
dependencies = [
 "libc 0.2.22 (registry+https://github.com/rust-lang/crates.io-index)",
]

[[package]]
name = "pkg-config"
version = "0.3.9"
source = "registry+https://github.com/rust-lang/crates.io-index"

[[package]]
name = "quote"
version = "0.3.15"
source = "registry+https://github.com/rust-lang/crates.io-index"

[[package]]
name = "unicode-xid"
version = "0.0.4"
source = "registry+https://github.com/rust-lang/crates.io-index"

[metadata]
"checksum aho-corasick 0.6.3 (registry+https://github.com/rust-lang/crates.io-index)" = "500909c4f87a9e52355b26626d890833e9e1d53ac566db76c36faa984b889699"
"checksum byteorder 1.0.0 (registry+https://github.com/rust-lang/crates.io-index)" = "c40977b0ee6b9885c9013cd41d9feffdd22deb3bb4dc3a71d901cc7a77de18c8"
"checksum cpp 0.3.0 (registry+https://github.com/rust-lang/crates.io-index)" = "2e72e3d17cbee978d237f9813676e075f47ce25039931e1235f13a79ddd6d71a"
"checksum cpp_build 0.3.0 (registry+https://github.com/rust-lang/crates.io-index)" = "6f1d588b092d48ee79617b9e85129f1bb9fde7b8fcced7e088f95199f6b2a349"
"checksum cpp_common 0.3.0 (registry+https://github.com/rust-lang/crates.io-index)" = "7bece838c8db9c453aaf2b76d5c5e7a71c3b98ced3cc605dd1b8df9d97602d1d"
"checksum cpp_macros 0.3.0 (registry+https://github.com/rust-lang/crates.io-index)" = "eaadf668331048795509e7e7794c038cde73c1b12bf247cdeb5eb343b22affcc"
"checksum cpp_syn 0.12.0 (registry+https://github.com/rust-lang/crates.io-index)" = "a8cd649bf5b3804d92fe12a60c7698f5a538a6033ed8a668bf5241d4d4f1644e"
"checksum cpp_synmap 0.2.0 (registry+https://github.com/rust-lang/crates.io-index)" = "79fcca08bbedacb9beee09e8d20d5e709d6ee6eb31d809f90ed5a142b435e891"
"checksum cpp_synom 0.12.0 (registry+https://github.com/rust-lang/crates.io-index)" = "1fc8da5694233b646150c785118f77835ad0a49680c7f312a10ef30957c67b6d"
"checksum gcc 0.3.45 (registry+https://github.com/rust-lang/crates.io-index)" = "40899336fb50db0c78710f53e87afc54d8c7266fb76262fecc78ca1a7f09deae"
"checksum lazy_static 0.2.8 (registry+https://github.com/rust-lang/crates.io-index)" = "3b37545ab726dd833ec6420aaba8231c5b320814b9029ad585555d2a03e94fbf"
"checksum libc 0.2.22 (registry+https://github.com/rust-lang/crates.io-index)" = "babb8281da88cba992fa1f4ddec7d63ed96280a1a53ec9b919fd37b53d71e502"
"checksum memchr 1.0.1 (registry+https://github.com/rust-lang/crates.io-index)" = "1dbccc0e46f1ea47b9f17e6d67c5a96bd27030519c519c9c91327e31275a47b4"
"checksum pkg-config 0.3.9 (registry+https://github.com/rust-lang/crates.io-index)" = "3a8b4c6b8165cd1a1cd4b9b120978131389f64bdaf456435caa41e630edba903"
"checksum quote 0.3.15 (registry+https://github.com/rust-lang/crates.io-index)" = "7a6e920b65c65f10b2ae65c831a81a073a89edd28c7cce89475bff467ab4167a"
"checksum unicode-xid 0.0.4 (registry+https://github.com/rust-lang/crates.io-index)" = "8c1f860d7d29cf02cb2f3f359fd35991af3d30bac52c57d265a3c461074cb4dc"
